<?xml version="1.0" encoding="utf-8"?>
<Project ToolsVersion="4.0" xmlns="http://schemas.microsoft.com/developer/msbuild/2003">
  <ItemGroup>
    <Filter Include="CppSource">
      <UniqueIdentifier>{66f41746-5039-4f3f-bf63-a2ea76a36745}</UniqueIdentifier>
    </Filter>
    <Filter Include="AndroidApk">
      <UniqueIdentifier>{59ea3ba4-298d-48ae-862d-be4a8cc2664b}</UniqueIdentifier>
    </Filter>
    <Filter Include="AndroidApk\JavaSource">
      <UniqueIdentifier>{ab0536cf-ea92-4e84-b130-25292ade30e1}</UniqueIdentifier>
    </Filter>
    <Filter Include="CppSource\primitives">
      <UniqueIdentifier>{932f60f2-8afd-4b3b-8ae9-f382f47b5fe7}</UniqueIdentifier>
    </Filter>
    <Filter Include="CppSource\system">
      <UniqueIdentifier>{58a8a43c-186f-433c-9619-34478274d254}</UniqueIdentifier>
    </Filter>
    <Filter Include="CppSource\gameObjects">
      <UniqueIdentifier>{1184058c-065a-4a62-ac0d-e2cfa2950ec7}</UniqueIdentifier>
    </Filter>
    <Filter Include="CppSource\gui">
      <UniqueIdentifier>{752ef277-4d93-4763-81b1-25c452e97b5a}</UniqueIdentifier>
    </Filter>
  </ItemGroup>
  <ItemGroup>
    <ClCompile Include="CppSource\gl_code.cpp">
      <Filter>CppSource</Filter>
    </ClCompile>
    <ClCompile Include="CppSource\game.cpp">
      <Filter>CppSource</Filter>
    </ClCompile>
    <ClCompile Include="CppSource\asteroidsGenerator.cpp">
      <Filter>CppSource</Filter>
    </ClCompile>
    <ClCompile Include="CppSource\bullet.cpp">
      <Filter>CppSource\gameObjects</Filter>
    </ClCompile>
    <ClCompile Include="CppSource\gameObject.cpp">
      <Filter>CppSource\gameObjects</Filter>
    </ClCompile>
    <ClCompile Include="CppSource\ship.cpp">
      <Filter>CppSource\gameObjects</Filter>
    </ClCompile>
    <ClCompile Include="CppSource\painter.cpp">
      <Filter>CppSource\system</Filter>
    </ClCompile>
    <ClCompile Include="CppSource\squareButton.cpp">
      <Filter>CppSource\gui</Filter>
    </ClCompile>
    <ClCompile Include="CppSource\timer.cpp">
      <Filter>CppSource\primitives</Filter>
    </ClCompile>
    <ClCompile Include="CppSource\touchManager.cpp">
      <Filter>CppSource\system</Filter>
    </ClCompile>
    <ClCompile Include="CppSource\asteroid.cpp">
      <Filter>CppSource\gameObjects</Filter>
    </ClCompile>
    <ClCompile Include="CppSource\point.cpp">
      <Filter>CppSource\primitives</Filter>
    </ClCompile>
    <ClCompile Include="CppSource\constants.cpp">
      <Filter>CppSource</Filter>
    </ClCompile>
  </ItemGroup>
  <ItemGroup>
    <None Include="AndroidApk\AndroidManifest.xml">
      <Filter>AndroidApk</Filter>
    </None>
    <None Include="AndroidApk\build.xml">
      <Filter>AndroidApk</Filter>
    </None>
    <None Include="AndroidApk\res\values\strings.xml">
      <Filter>AndroidApk</Filter>
    </None>
    <None Include="AndroidApk\project.properties">
      <Filter>AndroidApk</Filter>
    </None>
    <None Include="AndroidApk\src\com\android\gl2jni\AsteroidsView.java">
      <Filter>AndroidApk\JavaSource</Filter>
    </None>
    <None Include="AndroidApk\src\com\android\gl2jni\AsteroidsActivity.java">
      <Filter>AndroidApk\JavaSource</Filter>
    </None>
    <None Include="AndroidApk\src\com\android\gl2jni\AsteroidsLib.java">
      <Filter>AndroidApk\JavaSource</Filter>
    </None>
  </ItemGroup>
  <ItemGroup>
    <ClInclude Include="CppSource\game.h">
      <Filter>CppSource</Filter>
    </ClInclude>
    <ClInclude Include="CppSource\asteroidsGenerator.h">
      <Filter>CppSource</Filter>
    </ClInclude>
    <ClInclude Include="CppSource\bullet.h">
      <Filter>CppSource\gameObjects</Filter>
    </ClInclude>
    <ClInclude Include="CppSource\gameObject.h">
      <Filter>CppSource\gameObjects</Filter>
    </ClInclude>
    <ClInclude Include="CppSource\ship.h">
      <Filter>CppSource\gameObjects</Filter>
    </ClInclude>
    <ClInclude Include="CppSource\color.h">
      <Filter>CppSource\primitives</Filter>
    </ClInclude>
    <ClInclude Include="CppSource\point.h">
      <Filter>CppSource\primitives</Filter>
    </ClInclude>
    <ClInclude Include="CppSource\painter.h">
      <Filter>CppSource\system</Filter>
    </ClInclude>
    <ClInclude Include="CppSource\squareButton.h">
      <Filter>CppSource\gui</Filter>
    </ClInclude>
    <ClInclude Include="CppSource\timer.h">
      <Filter>CppSource\primitives</Filter>
    </ClInclude>
    <ClInclude Include="CppSource\touchManager.h">
      <Filter>CppSource\system</Filter>
    </ClInclude>
    <ClInclude Include="CppSource\asteroid.h">
      <Filter>CppSource\gameObjects</Filter>
    </ClInclude>
    <ClInclude Include="CppSource\constants.h">
      <Filter>CppSource</Filter>
    </ClInclude>
  </ItemGroup>
</Project>